
Microsoft Visual Studio Solution File, Format Version 12.00
# Visual Studio Version 17
VisualStudioVersion = 17.12.35527.113 d17.12
MinimumVisualStudioVersion = 10.0.40219.1
Project("{FAE04EC0-301F-11D3-BF4B-00C04F79EFBC}") = "app", "app\app.csproj", "{A83941A0-6549-4D3F-8BE3-B64E2E626911}"
EndProject
Global
	GlobalSection(SolutionConfigurationPlatforms) = preSolution
		Debug|Any CPU = Debug|Any CPU
		Release|Any CPU = Release|Any CPU
	EndGlobalSection
	GlobalSection(ProjectConfigurationPlatforms) = postSolution
		{A83941A0-6549-4D3F-8BE3-B64E2E626911}.Debug|Any CPU.ActiveCfg = Debug|Any CPU
		{A83941A0-6549-4D3F-8BE3-B64E2E626911}.Debug|Any CPU.Build.0 = Debug|Any CPU
		{A83941A0-6549-4D3F-8BE3-B64E2E626911}.Release|Any CPU.ActiveCfg = Release|Any CPU
		{A83941A0-6549-4D3F-8BE3-B64E2E626911}.Release|Any CPU.Build.0 = Release|Any CPU
	EndGlobalSection
	GlobalSection(SolutionProperties) = preSolution
		HideSolutionNode = FALSE
	EndGlobalSection
EndGlobal
